
Microsoft Visual Studio Solution File, Format Version 12.00
# Visual Studio 15
VisualStudioVersion = 15.0.28307.645
MinimumVisualStudioVersion = 10.0.40219.1
Project("{FAE04EC0-301F-11D3-BF4B-00C04F79EFBC}") = "Demo.WebAPI", "Demo.WebAPI\Demo.WebAPI.csproj", "{A269513F-9886-4E52-B521-561F4FD4BA33}"
EndProject
Global
	GlobalSection(SolutionConfigurationPlatforms) = preSolution
		Debug|Any CPU = Debug|Any CPU
		Release|Any CPU = Release|Any CPU
	EndGlobalSection
	GlobalSection(ProjectConfigurationPlatforms) = postSolution
		{A269513F-9886-4E52-B521-561F4FD4BA33}.Debug|Any CPU.ActiveCfg = Debug|Any CPU
		{A269513F-9886-4E52-B521-561F4FD4BA33}.Debug|Any CPU.Build.0 = Debug|Any CPU
		{A269513F-9886-4E52-B521-561F4FD4BA33}.Release|Any CPU.ActiveCfg = Release|Any CPU
		{A269513F-9886-4E52-B521-561F4FD4BA33}.Release|Any CPU.Build.0 = Release|Any CPU
	EndGlobalSection
	GlobalSection(SolutionProperties) = preSolution
		HideSolutionNode = FALSE
	EndGlobalSection
	GlobalSection(ExtensibilityGlobals) = postSolution
		SolutionGuid = {A91EC66C-D87C-4762-B5E5-0E0276D2862D}
	EndGlobalSection
EndGlobal
